
Microsoft Visual Studio Solution File, Format Version 12.00
# Visual Studio 14
VisualStudioVersion = 14.0.24720.0
MinimumVisualStudioVersion = 10.0.40219.1
Project("{FAE04EC0-301F-11D3-BF4B-00C04F79EFBC}") = "Hotel", "Hotel\Hotel\Hotel.csproj", "{08D823DE-C888-4E45-B4DD-F9D10B7FE731}"
EndProject
Project("{FAE04EC0-301F-11D3-BF4B-00C04F79EFBC}") = "HotelContent", "Hotel\HotelContent\HotelContent.contentproj", "{57583448-E3A8-47FF-92F1-140551074B90}"
EndProject
Project("{F088123C-0E9E-452A-89E6-6BA2F21D5CAC}") = "UML", "UML\UML.modelproj", "{9F287019-3EF9-4068-95AD-7CF59D6D1075}"
EndProject
Project("{FAE04EC0-301F-11D3-BF4B-00C04F79EFBC}") = "HotelLauncher", "HotelLauncher\HotelLauncher.csproj", "{30F45801-A083-41A7-A1D5-11AC5EE68CE7}"
EndProject
Project("{FAE04EC0-301F-11D3-BF4B-00C04F79EFBC}") = "HotelUnitTests", "HotelUnitTests\HotelUnitTests.csproj", "{D2E3AAB4-BB2C-431E-973A-A3E276BFB14D}"
EndProject
Global
	GlobalSection(SolutionConfigurationPlatforms) = preSolution
		Debug|Any CPU = Debug|Any CPU
		Debug|x86 = Debug|x86
		Release|Any CPU = Release|Any CPU
		Release|x86 = Release|x86
	EndGlobalSection
	GlobalSection(ProjectConfigurationPlatforms) = postSolution
		{08D823DE-C888-4E45-B4DD-F9D10B7FE731}.Debug|Any CPU.ActiveCfg = Debug|x86
		{08D823DE-C888-4E45-B4DD-F9D10B7FE731}.Debug|Any CPU.Build.0 = Debug|x86
		{08D823DE-C888-4E45-B4DD-F9D10B7FE731}.Debug|x86.ActiveCfg = Debug|x86
		{08D823DE-C888-4E45-B4DD-F9D10B7FE731}.Debug|x86.Build.0 = Debug|x86
		{08D823DE-C888-4E45-B4DD-F9D10B7FE731}.Release|Any CPU.ActiveCfg = Release|x86
		{08D823DE-C888-4E45-B4DD-F9D10B7FE731}.Release|x86.ActiveCfg = Release|x86
		{08D823DE-C888-4E45-B4DD-F9D10B7FE731}.Release|x86.Build.0 = Release|x86
		{57583448-E3A8-47FF-92F1-140551074B90}.Debug|Any CPU.ActiveCfg = Debug|x86
		{57583448-E3A8-47FF-92F1-140551074B90}.Debug|x86.ActiveCfg = Debug|x86
		{57583448-E3A8-47FF-92F1-140551074B90}.Release|Any CPU.ActiveCfg = Release|x86
		{57583448-E3A8-47FF-92F1-140551074B90}.Release|x86.ActiveCfg = Release|x86
		{9F287019-3EF9-4068-95AD-7CF59D6D1075}.Debug|Any CPU.ActiveCfg = Debug|Any CPU
		{9F287019-3EF9-4068-95AD-7CF59D6D1075}.Debug|Any CPU.Build.0 = Debug|Any CPU
		{9F287019-3EF9-4068-95AD-7CF59D6D1075}.Debug|x86.ActiveCfg = Debug|Any CPU
		{9F287019-3EF9-4068-95AD-7CF59D6D1075}.Debug|x86.Build.0 = Debug|Any CPU
		{9F287019-3EF9-4068-95AD-7CF59D6D1075}.Release|Any CPU.ActiveCfg = Release|Any CPU
		{9F287019-3EF9-4068-95AD-7CF59D6D1075}.Release|Any CPU.Build.0 = Release|Any CPU
		{9F287019-3EF9-4068-95AD-7CF59D6D1075}.Release|x86.ActiveCfg = Release|Any CPU
		{9F287019-3EF9-4068-95AD-7CF59D6D1075}.Release|x86.Build.0 = Release|Any CPU
		{30F45801-A083-41A7-A1D5-11AC5EE68CE7}.Debug|Any CPU.ActiveCfg = Debug|Any CPU
		{30F45801-A083-41A7-A1D5-11AC5EE68CE7}.Debug|Any CPU.Build.0 = Debug|Any CPU
		{30F45801-A083-41A7-A1D5-11AC5EE68CE7}.Debug|x86.ActiveCfg = Debug|Any CPU
		{30F45801-A083-41A7-A1D5-11AC5EE68CE7}.Debug|x86.Build.0 = Debug|Any CPU
		{30F45801-A083-41A7-A1D5-11AC5EE68CE7}.Debug|x86.Deploy.0 = Debug|Any CPU
		{30F45801-A083-41A7-A1D5-11AC5EE68CE7}.Release|Any CPU.ActiveCfg = Release|Any CPU
		{30F45801-A083-41A7-A1D5-11AC5EE68CE7}.Release|Any CPU.Build.0 = Release|Any CPU
		{30F45801-A083-41A7-A1D5-11AC5EE68CE7}.Release|x86.ActiveCfg = Release|Any CPU
		{30F45801-A083-41A7-A1D5-11AC5EE68CE7}.Release|x86.Build.0 = Release|Any CPU
		{D2E3AAB4-BB2C-431E-973A-A3E276BFB14D}.Debug|Any CPU.ActiveCfg = Debug|Any CPU
		{D2E3AAB4-BB2C-431E-973A-A3E276BFB14D}.Debug|Any CPU.Build.0 = Debug|Any CPU
		{D2E3AAB4-BB2C-431E-973A-A3E276BFB14D}.Debug|x86.ActiveCfg = Debug|Any CPU
		{D2E3AAB4-BB2C-431E-973A-A3E276BFB14D}.Debug|x86.Build.0 = Debug|Any CPU
		{D2E3AAB4-BB2C-431E-973A-A3E276BFB14D}.Release|Any CPU.ActiveCfg = Release|Any CPU
		{D2E3AAB4-BB2C-431E-973A-A3E276BFB14D}.Release|Any CPU.Build.0 = Release|Any CPU
		{D2E3AAB4-BB2C-431E-973A-A3E276BFB14D}.Release|x86.ActiveCfg = Release|Any CPU
		{D2E3AAB4-BB2C-431E-973A-A3E276BFB14D}.Release|x86.Build.0 = Release|Any CPU
	EndGlobalSection
	GlobalSection(SolutionProperties) = preSolution
		HideSolutionNode = FALSE
	EndGlobalSection
EndGlobal
